// !$*UTF8*$!
{
	archiveVersion = 1;
	classes = {
	};
	objectVersion = 50;
	objects = {

/* Begin PBXBuildFile section */
		5BB804B3221A042A001462EF /* RCTNavItemManager.m in Sources */ = {isa = PBXBuildFile; fileRef = 5BB804AB221A042A001462EF /* RCTNavItemManager.m */; };
		5BB804B4221A042A001462EF /* RCTNavItem.m in Sources */ = {isa = PBXBuildFile; fileRef = 5BB804AC221A042A001462EF /* RCTNavItem.m */; };
		5BB804B5221A042A001462EF /* RCTNavigatorManager.m in Sources */ = {isa = PBXBuildFile; fileRef = 5BB804AE221A042A001462EF /* RCTNavigatorManager.m */; };
		5BB804B6221A042A001462EF /* RCTNavigator.m in Sources */ = {isa = PBXBuildFile; fileRef = 5BB804B2221A042A001462EF /* RCTNavigator.m */; };
		5BD20FC5221C3E8B00167C1A /* RCTWrapperViewControllerWithNavItem.m in Sources */ = {isa = PBXBuildFile; fileRef = 5BB804BB221A070B001462EF /* RCTWrapperViewControllerWithNavItem.m */; };
/* End PBXBuildFile section */

/* Begin PBXCopyFilesBuildPhase section */
		5BB803E422198BB7001462EF /* CopyFiles */ = {
			isa = PBXCopyFilesBuildPhase;
			buildActionMask = 2147483647;
			dstPath = "include/$(PRODUCT_NAME)";
			dstSubfolderSpec = 16;
			files = (
			);
			runOnlyForDeploymentPostprocessing = 0;
		};
/* End PBXCopyFilesBuildPhase section */

/* Begin PBXFileReference section */
		5BB803E622198BB7001462EF /* libNavigatorIOS.a */ = {isa = PBXFileReference; explicitFileType = archive.ar; includeInIndex = 0; path = libNavigatorIOS.a; sourceTree = BUILT_PRODUCTS_DIR; };
		5BB804AB221A042A001462EF /* RCTNavItemManager.m */ = {isa = PBXFileReference; fileEncoding = 4; lastKnownFileType = sourcecode.c.objc; path = RCTNavItemManager.m; sourceTree = "<group>"; };
		5BB804AC221A042A001462EF /* RCTNavItem.m */ = {isa = PBXFileReference; fileEncoding = 4; lastKnownFileType = sourcecode.c.objc; path = RCTNavItem.m; sourceTree = "<group>"; };
		5BB804AD221A042A001462EF /* RCTNavItem.h */ = {isa = PBXFileReference; fileEncoding = 4; lastKnownFileType = sourcecode.c.h; path = RCTNavItem.h; sourceTree = "<group>"; };
		5BB804AE221A042A001462EF /* RCTNavigatorManager.m */ = {isa = PBXFileReference; fileEncoding = 4; lastKnownFileType = sourcecode.c.objc; path = RCTNavigatorManager.m; sourceTree = "<group>"; };
		5BB804AF221A042A001462EF /* RCTNavigatorManager.h */ = {isa = PBXFileReference; fileEncoding = 4; lastKnownFileType = sourcecode.c.h; path = RCTNavigatorManager.h; sourceTree = "<group>"; };
		5BB804B0221A042A001462EF /* RCTNavigator.h */ = {isa = PBXFileReference; fileEncoding = 4; lastKnownFileType = sourcecode.c.h; path = RCTNavigator.h; sourceTree = "<group>"; };
		5BB804B1221A042A001462EF /* RCTNavItemManager.h */ = {isa = PBXFileReference; fileEncoding = 4; lastKnownFileType = sourcecode.c.h; path = RCTNavItemManager.h; sourceTree = "<group>"; };
		5BB804B2221A042A001462EF /* RCTNavigator.m */ = {isa = PBXFileReference; fileEncoding = 4; lastKnownFileType = sourcecode.c.objc; path = RCTNavigator.m; sourceTree = "<group>"; };
		5BB804BA221A070B001462EF /* RCTWrapperViewControllerWithNavItem.h */ = {isa = PBXFileReference; fileEncoding = 4; lastKnownFileType = sourcecode.c.h; path = RCTWrapperViewControllerWithNavItem.h; sourceTree = "<group>"; };
		5BB804BB221A070B001462EF /* RCTWrapperViewControllerWithNavItem.m */ = {isa = PBXFileReference; fileEncoding = 4; lastKnownFileType = sourcecode.c.objc; path = RCTWrapperViewControllerWithNavItem.m; sourceTree = "<group>"; };
/* End PBXFileReference section */

/* Begin PBXFrameworksBuildPhase section */
		5BB803E322198BB7001462EF /* Frameworks */ = {
			isa = PBXFrameworksBuildPhase;
			buildActionMask = 2147483647;
			files = (
			);
			runOnlyForDeploymentPostprocessing = 0;
		};
/* End PBXFrameworksBuildPhase section */

/* Begin PBXGroup section */
		5BB803DD22198BB7001462EF = {
			isa = PBXGroup;
			children = (
				5BB804BA221A070B001462EF /* RCTWrapperViewControllerWithNavItem.h */,
				5BB804BB221A070B001462EF /* RCTWrapperViewControllerWithNavItem.m */,
				5BB804B0221A042A001462EF /* RCTNavigator.h */,
				5BB804B2221A042A001462EF /* RCTNavigator.m */,
				5BB804AF221A042A001462EF /* RCTNavigatorManager.h */,
				5BB804AE221A042A001462EF /* RCTNavigatorManager.m */,
				5BB804AD221A042A001462EF /* RCTNavItem.h */,
				5BB804AC221A042A001462EF /* RCTNavItem.m */,
				5BB804B1221A042A001462EF /* RCTNavItemManager.h */,
				5BB804AB221A042A001462EF /* RCTNavItemManager.m */,
				5BB803E722198BB7001462EF /* Products */,
			);
			sourceTree = "<group>";
		};
		5BB803E722198BB7001462EF /* Products */ = {
			isa = PBXGroup;
			children = (
				5BB803E622198BB7001462EF /* libNavigatorIOS.a */,
			);
			name = Products;
			sourceTree = "<group>";
		};
/* End PBXGroup section */

/* Begin PBXNativeTarget section */
		5BB803E522198BB7001462EF /* NavigatorIOS */ = {
			isa = PBXNativeTarget;
			buildConfigurationList = 5BB803EF22198BB7001462EF /* Build configuration list for PBXNativeTarget "NavigatorIOS" */;
			buildPhases = (
				5BB803E222198BB7001462EF /* Sources */,
				5BB803E322198BB7001462EF /* Frameworks */,
				5BB803E422198BB7001462EF /* CopyFiles */,
			);
			buildRules = (
			);
			dependencies = (
			);
			name = NavigatorIOS;
			productName = NavigatorIOS;
			productReference = 5BB803E622198BB7001462EF /* libNavigatorIOS.a */;
			productType = "com.apple.product-type.library.static";
		};
/* End PBXNativeTarget section */

/* Begin PBXProject section */
		5BB803DE22198BB7001462EF /* Project object */ = {
			isa = PBXProject;
			attributes = {
				LastUpgradeCheck = 1010;
				ORGANIZATIONNAME = flowkey;
				TargetAttributes = {
					5BB803E522198BB7001462EF = {
						CreatedOnToolsVersion = 10.1;
					};
				};
			};
			buildConfigurationList = 5BB803E122198BB7001462EF /* Build configuration list for PBXProject "NavigatorIOS" */;
			compatibilityVersion = "Xcode 9.3";
			developmentRegion = en;
			hasScannedForEncodings = 0;
			knownRegions = (
				en,
			);
			mainGroup = 5BB803DD22198BB7001462EF;
			productRefGroup = 5BB803E722198BB7001462EF /* Products */;
			projectDirPath = "";
			projectRoot = "";
			targets = (
				5BB803E522198BB7001462EF /* NavigatorIOS */,
			);
		};
/* End PBXProject section */

/* Begin PBXSourcesBuildPhase section */
		5BB803E222198BB7001462EF /* Sources */ = {
			isa = PBXSourcesBuildPhase;
			buildActionMask = 2147483647;
			files = (
				5BB804B4221A042A001462EF /* RCTNavItem.m in Sources */,
				5BB804B6221A042A001462EF /* RCTNavigator.m in Sources */,
				5BD20FC5221C3E8B00167C1A /* RCTWrapperViewControllerWithNavItem.m in Sources */,
				5BB804B5221A042A001462EF /* RCTNavigatorManager.m in Sources */,
				5BB804B3221A042A001462EF /* RCTNavItemManager.m in Sources */,
			);
			runOnlyForDeploymentPostprocessing = 0;
		};
/* End PBXSourcesBuildPhase section */

/* Begin XCBuildConfiguration section */
		5BB803ED22198BB7001462EF /* Debug */ = {
			isa = XCBuildConfiguration;
			buildSettings = {
				ALWAYS_SEARCH_USER_PATHS = NO;
				CLANG_ANALYZER_NONNULL = YES;
				CLANG_ANALYZER_NUMBER_OBJECT_CONVERSION = YES_AGGRESSIVE;
				CLANG_CXX_LANGUAGE_STANDARD = "gnu++14";
				CLANG_CXX_LIBRARY = "libc++";
				CLANG_ENABLE_MODULES = YES;
				CLANG_ENABLE_OBJC_ARC = YES;
				CLANG_ENABLE_OBJC_WEAK = YES;
				CLANG_WARN_BLOCK_CAPTURE_AUTORELEASING = YES;
				CLANG_WARN_BOOL_CONVERSION = YES;
				CLANG_WARN_COMMA = YES;
				CLANG_WARN_CONSTANT_CONVERSION = YES;
				CLANG_WARN_DEPRECATED_OBJC_IMPLEMENTATIONS = YES;
				CLANG_WARN_DIRECT_OBJC_ISA_USAGE = YES_ERROR;
				CLANG_WARN_DOCUMENTATION_COMMENTS = YES;
				CLANG_WARN_EMPTY_BODY = YES;
				CLANG_WARN_ENUM_CONVERSION = YES;
				CLANG_WARN_INFINITE_RECURSION = YES;
				CLANG_WARN_INT_CONVERSION = YES;
				CLANG_WARN_NON_LITERAL_NULL_CONVERSION = YES;
				CLANG_WARN_OBJC_IMPLICIT_RETAIN_SELF = YES;
				CLANG_WARN_OBJC_LITERAL_CONVERSION = YES;
				CLANG_WARN_OBJC_ROOT_CLASS = YES_ERROR;
				CLANG_WARN_RANGE_LOOP_ANALYSIS = YES;
				CLANG_WARN_STRICT_PROTOTYPES = YES;
				CLANG_WARN_SUSPICIOUS_MOVE = YES;
				CLANG_WARN_UNGUARDED_AVAILABILITY = YES_AGGRESSIVE;
				CLANG_WARN_UNREACHABLE_CODE = YES;
				CLANG_WARN__DUPLICATE_METHOD_MATCH = YES;
				CODE_SIGN_IDENTITY = "iPhone Developer";
				COPY_PHASE_STRIP = NO;
				DEBUG_INFORMATION_FORMAT = dwarf;
				ENABLE_STRICT_OBJC_MSGSEND = YES;
				ENABLE_TESTABILITY = YES;
				GCC_C_LANGUAGE_STANDARD = gnu11;
				GCC_DYNAMIC_NO_PIC = NO;
				GCC_NO_COMMON_BLOCKS = YES;
				GCC_OPTIMIZATION_LEVEL = 0;
				GCC_PREPROCESSOR_DEFINITIONS = (
					"DEBUG=1",
					"$(inherited)",
				);
				GCC_WARN_64_TO_32_BIT_CONVERSION = YES;
				GCC_WARN_ABOUT_RETURN_TYPE = YES_ERROR;
				GCC_WARN_UNDECLARED_SELECTOR = YES;
				GCC_WARN_UNINITIALIZED_AUTOS = YES_AGGRESSIVE;
				GCC_WARN_UNUSED_FUNCTION = YES;
				GCC_WARN_UNUSED_VARIABLE = YES;
				IPHONEOS_DEPLOYMENT_TARGET = 9.0;
				MTL_ENABLE_DEBUG_INFO = INCLUDE_SOURCE;
				MTL_FAST_MATH = YES;
				ONLY_ACTIVE_ARCH = YES;
				SDKROOT = iphoneos;
			};
			name = Debug;
		};
		5BB803EE22198BB7001462EF /* Release */ = {
			isa = XCBuildConfiguration;
			buildSettings = {
				ALWAYS_SEARCH_USER_PATHS = NO;
				CLANG_ANALYZER_NONNULL = YES;
				CLANG_ANALYZER_NUMBER_OBJECT_CONVERSION = YES_AGGRESSIVE;
				CLANG_CXX_LANGUAGE_STANDARD = "gnu++14";
				CLANG_CXX_LIBRARY = "libc++";
				CLANG_ENABLE_MODULES = YES;
				CLANG_ENABLE_OBJC_ARC = YES;
				CLANG_ENABLE_OBJC_WEAK = YES;
				CLANG_WARN_BLOCK_CAPTURE_AUTORELEASING = YES;
				CLANG_WARN_BOOL_CONVERSION = YES;
				CLANG_WARN_COMMA = YES;
				CLANG_WARN_CONSTANT_CONVERSION = YES;
				CLANG_WARN_DEPRECATED_OBJC_IMPLEMENTATIONS = YES;
				CLANG_WARN_DIRECT_OBJC_ISA_USAGE = YES_ERROR;
				CLANG_WARN_DOCUMENTATION_COMMENTS = YES;
				CLANG_WARN_EMPTY_BODY = YES;
				CLANG_WARN_ENUM_CONVERSION = YES;
				CLANG_WARN_INFINITE_RECURSION = YES;
				CLANG_WARN_INT_CONVERSION = YES;
				CLANG_WARN_NON_LITERAL_NULL_CONVERSION = YES;
				CLANG_WARN_OBJC_IMPLICIT_RETAIN_SELF = YES;
				CLANG_WARN_OBJC_LITERAL_CONVERSION = YES;
				CLANG_WARN_OBJC_ROOT_CLASS = YES_ERROR;
				CLANG_WARN_RANGE_LOOP_ANALYSIS = YES;
				CLANG_WARN_STRICT_PROTOTYPES = YES;
				CLANG_WARN_SUSPICIOUS_MOVE = YES;
				CLANG_WARN_UNGUARDED_AVAILABILITY = YES_AGGRESSIVE;
				CLANG_WARN_UNREACHABLE_CODE = YES;
				CLANG_WARN__DUPLICATE_METHOD_MATCH = YES;
				CODE_SIGN_IDENTITY = "iPhone Developer";
				COPY_PHASE_STRIP = NO;
				DEBUG_INFORMATION_FORMAT = "dwarf-with-dsym";
				ENABLE_NS_ASSERTIONS = NO;
				ENABLE_STRICT_OBJC_MSGSEND = YES;
				GCC_C_LANGUAGE_STANDARD = gnu11;
				GCC_NO_COMMON_BLOCKS = YES;
				GCC_WARN_64_TO_32_BIT_CONVERSION = YES;
				GCC_WARN_ABOUT_RETURN_TYPE = YES_ERROR;
				GCC_WARN_UNDECLARED_SELECTOR = YES;
				GCC_WARN_UNINITIALIZED_AUTOS = YES_AGGRESSIVE;
				GCC_WARN_UNUSED_FUNCTION = YES;
				GCC_WARN_UNUSED_VARIABLE = YES;
				IPHONEOS_DEPLOYMENT_TARGET = 9.0;
				MTL_ENABLE_DEBUG_INFO = NO;
				MTL_FAST_MATH = YES;
				SDKROOT = iphoneos;
				VALIDATE_PRODUCT = YES;
			};
			name = Release;
		};
		5BB803F022198BB7001462EF /* Debug */ = {
			isa = XCBuildConfiguration;
			buildSettings = {
				CODE_SIGN_STYLE = Automatic;
				DEVELOPMENT_TEAM = FTSYMMN5B5;
				OTHER_LDFLAGS = "-ObjC";
				PRODUCT_NAME = "$(TARGET_NAME)";
				SKIP_INSTALL = YES;
				TARGETED_DEVICE_FAMILY = "1,2";
			};
			name = Debug;
		};
		5BB803F122198BB7001462EF /* Release */ = {
			isa = XCBuildConfiguration;
			buildSettings = {
				CODE_SIGN_STYLE = Automatic;
				DEVELOPMENT_TEAM = FTSYMMN5B5;
				OTHER_LDFLAGS = "-ObjC";
				PRODUCT_NAME = "$(TARGET_NAME)";
				SKIP_INSTALL = YES;
				TARGETED_DEVICE_FAMILY = "1,2";
			};
			name = Release;
		};
/* End XCBuildConfiguration section */

/* Begin XCConfigurationList section */
		5BB803E122198BB7001462EF /* Build configuration list for PBXProject "NavigatorIOS" */ = {
			isa = XCConfigurationList;
			buildConfigurations = (
				5BB803ED22198BB7001462EF /* Debug */,
				5BB803EE22198BB7001462EF /* Release */,
			);
			defaultConfigurationIsVisible = 0;
			defaultConfigurationName = Release;
		};
		5BB803EF22198BB7001462EF /* Build configuration list for PBXNativeTarget "NavigatorIOS" */ = {
			isa = XCConfigurationList;
			buildConfigurations = (
				5BB803F022198BB7001462EF /* Debug */,
				5BB803F122198BB7001462EF /* Release */,
			);
			defaultConfigurationIsVisible = 0;
			defaultConfigurationName = Release;
		};
/* End XCConfigurationList section */
	};
	rootObject = 5BB803DE22198BB7001462EF /* Project object */;
}
